
Microsoft Visual Studio Solution File, Format Version 12.00
Project("{FAE04EC0-301F-11D3-BF4B-00C04F79EFBC}") = "CSharpFixedPoint", "CSharpFixedPoint\CSharpFixedPoint.csproj", "{382124A1-B614-4AD7-9AFD-4A7A1541A923}"
EndProject
Project("{FAE04EC0-301F-11D3-BF4B-00C04F79EFBC}") = "CSharpFixedPointTester", "CSharpFixedPointTester\CSharpFixedPointTester.csproj", "{4D004559-E1E3-467B-939D-6EB918EC189F}"
EndProject
Global
	GlobalSection(SolutionConfigurationPlatforms) = preSolution
		Debug|Any CPU = Debug|Any CPU
		Release|Any CPU = Release|Any CPU
	EndGlobalSection
	GlobalSection(ProjectConfigurationPlatforms) = postSolution
		{382124A1-B614-4AD7-9AFD-4A7A1541A923}.Debug|Any CPU.ActiveCfg = Debug|Any CPU
		{382124A1-B614-4AD7-9AFD-4A7A1541A923}.Debug|Any CPU.Build.0 = Debug|Any CPU
		{382124A1-B614-4AD7-9AFD-4A7A1541A923}.Release|Any CPU.ActiveCfg = Release|Any CPU
		{382124A1-B614-4AD7-9AFD-4A7A1541A923}.Release|Any CPU.Build.0 = Release|Any CPU
		{4D004559-E1E3-467B-939D-6EB918EC189F}.Debug|Any CPU.ActiveCfg = Debug|Any CPU
		{4D004559-E1E3-467B-939D-6EB918EC189F}.Debug|Any CPU.Build.0 = Debug|Any CPU
		{4D004559-E1E3-467B-939D-6EB918EC189F}.Release|Any CPU.ActiveCfg = Release|Any CPU
		{4D004559-E1E3-467B-939D-6EB918EC189F}.Release|Any CPU.Build.0 = Release|Any CPU
	EndGlobalSection
EndGlobal
